// !$*UTF8*$!
{
	archiveVersion = 1;
	classes = {
	};
	objectVersion = 55;
	objects = {

/* Begin PBXBuildFile section */
		1E05E8CF2868F16300B12456 /* Swift_Code_ChallengeApp.swift in Sources */ = {isa = PBXBuildFile; fileRef = 1E05E8CE2868F16300B12456 /* Swift_Code_ChallengeApp.swift */; };
		1E05E8D12868F16300B12456 /* ContentView.swift in Sources */ = {isa = PBXBuildFile; fileRef = 1E05E8D02868F16300B12456 /* ContentView.swift */; };
		1E05E8D32868F16400B12456 /* Assets.xcassets in Resources */ = {isa = PBXBuildFile; fileRef = 1E05E8D22868F16400B12456 /* Assets.xcassets */; };
		1E05E8D62868F16400B12456 /* Preview Assets.xcassets in Resources */ = {isa = PBXBuildFile; fileRef = 1E05E8D52868F16400B12456 /* Preview Assets.xcassets */; };
		1E05E8E02868F16400B12456 /* Swift_Code_ChallengeTests.swift in Sources */ = {isa = PBXBuildFile; fileRef = 1E05E8DF2868F16400B12456 /* Swift_Code_ChallengeTests.swift */; };
		1E05E8EA2868F16400B12456 /* Swift_Code_ChallengeUITests.swift in Sources */ = {isa = PBXBuildFile; fileRef = 1E05E8E92868F16400B12456 /* Swift_Code_ChallengeUITests.swift */; };
		1E05E8EC2868F16400B12456 /* Swift_Code_ChallengeUITestsLaunchTests.swift in Sources */ = {isa = PBXBuildFile; fileRef = 1E05E8EB2868F16400B12456 /* Swift_Code_ChallengeUITestsLaunchTests.swift */; };
		384EB999286CFC4C00A2FE3C /* ApiRequest.swift in Sources */ = {isa = PBXBuildFile; fileRef = 384EB998286CFC4C00A2FE3C /* ApiRequest.swift */; };
		384EB99B286D00F200A2FE3C /* UsersListView.swift in Sources */ = {isa = PBXBuildFile; fileRef = 384EB99A286D00F200A2FE3C /* UsersListView.swift */; };
		384EB99D286D011100A2FE3C /* UsersListViewModel.swift in Sources */ = {isa = PBXBuildFile; fileRef = 384EB99C286D011100A2FE3C /* UsersListViewModel.swift */; };
		384EB99F286DC53A00A2FE3C /* UserDetailsView.swift in Sources */ = {isa = PBXBuildFile; fileRef = 384EB99E286DC53A00A2FE3C /* UserDetailsView.swift */; };
		384EB9A1286DC56E00A2FE3C /* MapView.swift in Sources */ = {isa = PBXBuildFile; fileRef = 384EB9A0286DC56E00A2FE3C /* MapView.swift */; };
		384EB9A4286DC5BC00A2FE3C /* VisualEffectsView.swift in Sources */ = {isa = PBXBuildFile; fileRef = 384EB9A3286DC5BC00A2FE3C /* VisualEffectsView.swift */; };
		384EB9A6286DC5EB00A2FE3C /* CircleImageComponent.swift in Sources */ = {isa = PBXBuildFile; fileRef = 384EB9A5286DC5EB00A2FE3C /* CircleImageComponent.swift */; };
		388650AE286CEF6E009A16EA /* UserModel.swift in Sources */ = {isa = PBXBuildFile; fileRef = 388650AD286CEF6E009A16EA /* UserModel.swift */; };
/* End PBXBuildFile section */

/* Begin PBXContainerItemProxy section */
		1E05E8DC2868F16400B12456 /* PBXContainerItemProxy */ = {
			isa = PBXContainerItemProxy;
			containerPortal = 1E05E8C32868F16300B12456 /* Project object */;
			proxyType = 1;
			remoteGlobalIDString = 1E05E8CA2868F16300B12456;
			remoteInfo = "Swift Code Challenge";
		};
		1E05E8E62868F16400B12456 /* PBXContainerItemProxy */ = {
			isa = PBXContainerItemProxy;
			containerPortal = 1E05E8C32868F16300B12456 /* Project object */;
			proxyType = 1;
			remoteGlobalIDString = 1E05E8CA2868F16300B12456;
			remoteInfo = "Swift Code Challenge";
		};
/* End PBXContainerItemProxy section */

/* Begin PBXFileReference section */
		1E05E8CB2868F16300B12456 /* Swift Code Challenge.app */ = {isa = PBXFileReference; explicitFileType = wrapper.application; includeInIndex = 0; path = "Swift Code Challenge.app"; sourceTree = BUILT_PRODUCTS_DIR; };
		1E05E8CE2868F16300B12456 /* Swift_Code_ChallengeApp.swift */ = {isa = PBXFileReference; lastKnownFileType = sourcecode.swift; path = Swift_Code_ChallengeApp.swift; sourceTree = "<group>"; };
		1E05E8D02868F16300B12456 /* ContentView.swift */ = {isa = PBXFileReference; lastKnownFileType = sourcecode.swift; path = ContentView.swift; sourceTree = "<group>"; };
		1E05E8D22868F16400B12456 /* Assets.xcassets */ = {isa = PBXFileReference; lastKnownFileType = folder.assetcatalog; path = Assets.xcassets; sourceTree = "<group>"; };
		1E05E8D52868F16400B12456 /* Preview Assets.xcassets */ = {isa = PBXFileReference; lastKnownFileType = folder.assetcatalog; path = "Preview Assets.xcassets"; sourceTree = "<group>"; };
		1E05E8DB2868F16400B12456 /* Swift Code ChallengeTests.xctest */ = {isa = PBXFileReference; explicitFileType = wrapper.cfbundle; includeInIndex = 0; path = "Swift Code ChallengeTests.xctest"; sourceTree = BUILT_PRODUCTS_DIR; };
		1E05E8DF2868F16400B12456 /* Swift_Code_ChallengeTests.swift */ = {isa = PBXFileReference; lastKnownFileType = sourcecode.swift; path = Swift_Code_ChallengeTests.swift; sourceTree = "<group>"; };
		1E05E8E52868F16400B12456 /* Swift Code ChallengeUITests.xctest */ = {isa = PBXFileReference; explicitFileType = wrapper.cfbundle; includeInIndex = 0; path = "Swift Code ChallengeUITests.xctest"; sourceTree = BUILT_PRODUCTS_DIR; };
		1E05E8E92868F16400B12456 /* Swift_Code_ChallengeUITests.swift */ = {isa = PBXFileReference; lastKnownFileType = sourcecode.swift; path = Swift_Code_ChallengeUITests.swift; sourceTree = "<group>"; };
		1E05E8EB2868F16400B12456 /* Swift_Code_ChallengeUITestsLaunchTests.swift */ = {isa = PBXFileReference; lastKnownFileType = sourcecode.swift; path = Swift_Code_ChallengeUITestsLaunchTests.swift; sourceTree = "<group>"; };
		1E05E8F82868F24600B12456 /* README.md */ = {isa = PBXFileReference; lastKnownFileType = net.daringfireball.markdown; path = README.md; sourceTree = "<group>"; };
		384EB998286CFC4C00A2FE3C /* ApiRequest.swift */ = {isa = PBXFileReference; lastKnownFileType = sourcecode.swift; path = ApiRequest.swift; sourceTree = "<group>"; };
		384EB99A286D00F200A2FE3C /* UsersListView.swift */ = {isa = PBXFileReference; lastKnownFileType = sourcecode.swift; path = UsersListView.swift; sourceTree = "<group>"; };
		384EB99C286D011100A2FE3C /* UsersListViewModel.swift */ = {isa = PBXFileReference; lastKnownFileType = sourcecode.swift; path = UsersListViewModel.swift; sourceTree = "<group>"; };
		384EB99E286DC53A00A2FE3C /* UserDetailsView.swift */ = {isa = PBXFileReference; lastKnownFileType = sourcecode.swift; path = UserDetailsView.swift; sourceTree = "<group>"; };
		384EB9A0286DC56E00A2FE3C /* MapView.swift */ = {isa = PBXFileReference; lastKnownFileType = sourcecode.swift; path = MapView.swift; sourceTree = "<group>"; };
		384EB9A3286DC5BC00A2FE3C /* VisualEffectsView.swift */ = {isa = PBXFileReference; lastKnownFileType = sourcecode.swift; path = VisualEffectsView.swift; sourceTree = "<group>"; };
		384EB9A5286DC5EB00A2FE3C /* CircleImageComponent.swift */ = {isa = PBXFileReference; lastKnownFileType = sourcecode.swift; path = CircleImageComponent.swift; sourceTree = "<group>"; };
		384EB9A7286DCA4C00A2FE3C /* Swift-Code-Challenge-Info.plist */ = {isa = PBXFileReference; lastKnownFileType = text.plist; path = "Swift-Code-Challenge-Info.plist"; sourceTree = SOURCE_ROOT; };
		388650AD286CEF6E009A16EA /* UserModel.swift */ = {isa = PBXFileReference; lastKnownFileType = sourcecode.swift; path = UserModel.swift; sourceTree = "<group>"; };
/* End PBXFileReference section */

/* Begin PBXFrameworksBuildPhase section */
		1E05E8C82868F16300B12456 /* Frameworks */ = {
			isa = PBXFrameworksBuildPhase;
			buildActionMask = 2147483647;
			files = (
			);
			runOnlyForDeploymentPostprocessing = 0;
		};
		1E05E8D82868F16400B12456 /* Frameworks */ = {
			isa = PBXFrameworksBuildPhase;
			buildActionMask = 2147483647;
			files = (
			);
			runOnlyForDeploymentPostprocessing = 0;
		};
		1E05E8E22868F16400B12456 /* Frameworks */ = {
			isa = PBXFrameworksBuildPhase;
			buildActionMask = 2147483647;
			files = (
			);
			runOnlyForDeploymentPostprocessing = 0;
		};
/* End PBXFrameworksBuildPhase section */

/* Begin PBXGroup section */
		1E05E8C22868F16300B12456 = {
			isa = PBXGroup;
			children = (
				1E05E8F82868F24600B12456 /* README.md */,
				1E05E8CD2868F16300B12456 /* Swift Code Challenge */,
				1E05E8DE2868F16400B12456 /* Swift Code ChallengeTests */,
				1E05E8E82868F16400B12456 /* Swift Code ChallengeUITests */,
				1E05E8CC2868F16300B12456 /* Products */,
			);
			sourceTree = "<group>";
		};
		1E05E8CC2868F16300B12456 /* Products */ = {
			isa = PBXGroup;
			children = (
				1E05E8CB2868F16300B12456 /* Swift Code Challenge.app */,
				1E05E8DB2868F16400B12456 /* Swift Code ChallengeTests.xctest */,
				1E05E8E52868F16400B12456 /* Swift Code ChallengeUITests.xctest */,
			);
			name = Products;
			sourceTree = "<group>";
		};
		1E05E8CD2868F16300B12456 /* Swift Code Challenge */ = {
			isa = PBXGroup;
			children = (
				384EB9A7286DCA4C00A2FE3C /* Swift-Code-Challenge-Info.plist */,
				388650B2286CEF96009A16EA /* Services */,
				388650B1286CEF8F009A16EA /* ViewModels */,
				388650B0286CEF89009A16EA /* Views */,
				388650AF286CEF83009A16EA /* Models */,
				1E05E8CE2868F16300B12456 /* Swift_Code_ChallengeApp.swift */,
				1E05E8D02868F16300B12456 /* ContentView.swift */,
				1E05E8D22868F16400B12456 /* Assets.xcassets */,
				1E05E8D42868F16400B12456 /* Preview Content */,
			);
			path = "Swift Code Challenge";
			sourceTree = "<group>";
		};
		1E05E8D42868F16400B12456 /* Preview Content */ = {
			isa = PBXGroup;
			children = (
				1E05E8D52868F16400B12456 /* Preview Assets.xcassets */,
			);
			path = "Preview Content";
			sourceTree = "<group>";
		};
		1E05E8DE2868F16400B12456 /* Swift Code ChallengeTests */ = {
			isa = PBXGroup;
			children = (
				1E05E8DF2868F16400B12456 /* Swift_Code_ChallengeTests.swift */,
			);
			path = "Swift Code ChallengeTests";
			sourceTree = "<group>";
		};
		1E05E8E82868F16400B12456 /* Swift Code ChallengeUITests */ = {
			isa = PBXGroup;
			children = (
				1E05E8E92868F16400B12456 /* Swift_Code_ChallengeUITests.swift */,
				1E05E8EB2868F16400B12456 /* Swift_Code_ChallengeUITestsLaunchTests.swift */,
			);
			path = "Swift Code ChallengeUITests";
			sourceTree = "<group>";
		};
		384EB9A2286DC59B00A2FE3C /* Components */ = {
			isa = PBXGroup;
			children = (
				384EB9A5286DC5EB00A2FE3C /* CircleImageComponent.swift */,
			);
			path = Components;
			sourceTree = "<group>";
		};
		388650AF286CEF83009A16EA /* Models */ = {
			isa = PBXGroup;
			children = (
				388650AD286CEF6E009A16EA /* UserModel.swift */,
			);
			path = Models;
			sourceTree = "<group>";
		};
		388650B0286CEF89009A16EA /* Views */ = {
			isa = PBXGroup;
			children = (
				384EB9A2286DC59B00A2FE3C /* Components */,
				384EB99A286D00F200A2FE3C /* UsersListView.swift */,
				384EB99E286DC53A00A2FE3C /* UserDetailsView.swift */,
				384EB9A0286DC56E00A2FE3C /* MapView.swift */,
				384EB9A3286DC5BC00A2FE3C /* VisualEffectsView.swift */,
			);
			path = Views;
			sourceTree = "<group>";
		};
		388650B1286CEF8F009A16EA /* ViewModels */ = {
			isa = PBXGroup;
			children = (
				384EB99C286D011100A2FE3C /* UsersListViewModel.swift */,
			);
			path = ViewModels;
			sourceTree = "<group>";
		};
		388650B2286CEF96009A16EA /* Services */ = {
			isa = PBXGroup;
			children = (
				384EB998286CFC4C00A2FE3C /* ApiRequest.swift */,
			);
			path = Services;
			sourceTree = "<group>";
		};
/* End PBXGroup section */

/* Begin PBXNativeTarget section */
		1E05E8CA2868F16300B12456 /* Swift Code Challenge */ = {
			isa = PBXNativeTarget;
			buildConfigurationList = 1E05E8EF2868F16400B12456 /* Build configuration list for PBXNativeTarget "Swift Code Challenge" */;
			buildPhases = (
				1E05E8C72868F16300B12456 /* Sources */,
				1E05E8C82868F16300B12456 /* Frameworks */,
				1E05E8C92868F16300B12456 /* Resources */,
			);
			buildRules = (
			);
			dependencies = (
			);
			name = "Swift Code Challenge";
			productName = "Swift Code Challenge";
			productReference = 1E05E8CB2868F16300B12456 /* Swift Code Challenge.app */;
			productType = "com.apple.product-type.application";
		};
		1E05E8DA2868F16400B12456 /* Swift Code ChallengeTests */ = {
			isa = PBXNativeTarget;
			buildConfigurationList = 1E05E8F22868F16400B12456 /* Build configuration list for PBXNativeTarget "Swift Code ChallengeTests" */;
			buildPhases = (
				1E05E8D72868F16400B12456 /* Sources */,
				1E05E8D82868F16400B12456 /* Frameworks */,
				1E05E8D92868F16400B12456 /* Resources */,
			);
			buildRules = (
			);
			dependencies = (
				1E05E8DD2868F16400B12456 /* PBXTargetDependency */,
			);
			name = "Swift Code ChallengeTests";
			productName = "Swift Code ChallengeTests";
			productReference = 1E05E8DB2868F16400B12456 /* Swift Code ChallengeTests.xctest */;
			productType = "com.apple.product-type.bundle.unit-test";
		};
		1E05E8E42868F16400B12456 /* Swift Code ChallengeUITests */ = {
			isa = PBXNativeTarget;
			buildConfigurationList = 1E05E8F52868F16400B12456 /* Build configuration list for PBXNativeTarget "Swift Code ChallengeUITests" */;
			buildPhases = (
				1E05E8E12868F16400B12456 /* Sources */,
				1E05E8E22868F16400B12456 /* Frameworks */,
				1E05E8E32868F16400B12456 /* Resources */,
			);
			buildRules = (
			);
			dependencies = (
				1E05E8E72868F16400B12456 /* PBXTargetDependency */,
			);
			name = "Swift Code ChallengeUITests";
			productName = "Swift Code ChallengeUITests";
			productReference = 1E05E8E52868F16400B12456 /* Swift Code ChallengeUITests.xctest */;
			productType = "com.apple.product-type.bundle.ui-testing";
		};
/* End PBXNativeTarget section */

/* Begin PBXProject section */
		1E05E8C32868F16300B12456 /* Project object */ = {
			isa = PBXProject;
			attributes = {
				BuildIndependentTargetsInParallel = 1;
				LastSwiftUpdateCheck = 1340;
				LastUpgradeCheck = 1340;
				TargetAttributes = {
					1E05E8CA2868F16300B12456 = {
						CreatedOnToolsVersion = 13.4.1;
					};
					1E05E8DA2868F16400B12456 = {
						CreatedOnToolsVersion = 13.4.1;
						TestTargetID = 1E05E8CA2868F16300B12456;
					};
					1E05E8E42868F16400B12456 = {
						CreatedOnToolsVersion = 13.4.1;
						TestTargetID = 1E05E8CA2868F16300B12456;
					};
				};
			};
			buildConfigurationList = 1E05E8C62868F16300B12456 /* Build configuration list for PBXProject "Swift Code Challenge" */;
			compatibilityVersion = "Xcode 13.0";
			developmentRegion = en;
			hasScannedForEncodings = 0;
			knownRegions = (
				en,
				Base,
			);
			mainGroup = 1E05E8C22868F16300B12456;
			productRefGroup = 1E05E8CC2868F16300B12456 /* Products */;
			projectDirPath = "";
			projectRoot = "";
			targets = (
				1E05E8CA2868F16300B12456 /* Swift Code Challenge */,
				1E05E8DA2868F16400B12456 /* Swift Code ChallengeTests */,
				1E05E8E42868F16400B12456 /* Swift Code ChallengeUITests */,
			);
		};
/* End PBXProject section */

/* Begin PBXResourcesBuildPhase section */
		1E05E8C92868F16300B12456 /* Resources */ = {
			isa = PBXResourcesBuildPhase;
			buildActionMask = 2147483647;
			files = (
				1E05E8D62868F16400B12456 /* Preview Assets.xcassets in Resources */,
				1E05E8D32868F16400B12456 /* Assets.xcassets in Resources */,
			);
			runOnlyForDeploymentPostprocessing = 0;
		};
		1E05E8D92868F16400B12456 /* Resources */ = {
			isa = PBXResourcesBuildPhase;
			buildActionMask = 2147483647;
			files = (
			);
			runOnlyForDeploymentPostprocessing = 0;
		};
		1E05E8E32868F16400B12456 /* Resources */ = {
			isa = PBXResourcesBuildPhase;
			buildActionMask = 2147483647;
			files = (
			);
			runOnlyForDeploymentPostprocessing = 0;
		};
/* End PBXResourcesBuildPhase section */

/* Begin PBXSourcesBuildPhase section */
		1E05E8C72868F16300B12456 /* Sources */ = {
			isa = PBXSourcesBuildPhase;
			buildActionMask = 2147483647;
			files = (
				384EB9A4286DC5BC00A2FE3C /* VisualEffectsView.swift in Sources */,
				384EB99F286DC53A00A2FE3C /* UserDetailsView.swift in Sources */,
				384EB9A1286DC56E00A2FE3C /* MapView.swift in Sources */,
				384EB9A6286DC5EB00A2FE3C /* CircleImageComponent.swift in Sources */,
				1E05E8D12868F16300B12456 /* ContentView.swift in Sources */,
				384EB99D286D011100A2FE3C /* UsersListViewModel.swift in Sources */,
				388650AE286CEF6E009A16EA /* UserModel.swift in Sources */,
				384EB99B286D00F200A2FE3C /* UsersListView.swift in Sources */,
				384EB999286CFC4C00A2FE3C /* ApiRequest.swift in Sources */,
				1E05E8CF2868F16300B12456 /* Swift_Code_ChallengeApp.swift in Sources */,
			);
			runOnlyForDeploymentPostprocessing = 0;
		};
		1E05E8D72868F16400B12456 /* Sources */ = {
			isa = PBXSourcesBuildPhase;
			buildActionMask = 2147483647;
			files = (
				1E05E8E02868F16400B12456 /* Swift_Code_ChallengeTests.swift in Sources */,
			);
			runOnlyForDeploymentPostprocessing = 0;
		};
		1E05E8E12868F16400B12456 /* Sources */ = {
			isa = PBXSourcesBuildPhase;
			buildActionMask = 2147483647;
			files = (
				1E05E8EA2868F16400B12456 /* Swift_Code_ChallengeUITests.swift in Sources */,
				1E05E8EC2868F16400B12456 /* Swift_Code_ChallengeUITestsLaunchTests.swift in Sources */,
			);
			runOnlyForDeploymentPostprocessing = 0;
		};
/* End PBXSourcesBuildPhase section */

/* Begin PBXTargetDependency section */
		1E05E8DD2868F16400B12456 /* PBXTargetDependency */ = {
			isa = PBXTargetDependency;
			target = 1E05E8CA2868F16300B12456 /* Swift Code Challenge */;
			targetProxy = 1E05E8DC2868F16400B12456 /* PBXContainerItemProxy */;
		};
		1E05E8E72868F16400B12456 /* PBXTargetDependency */ = {
			isa = PBXTargetDependency;
			target = 1E05E8CA2868F16300B12456 /* Swift Code Challenge */;
			targetProxy = 1E05E8E62868F16400B12456 /* PBXContainerItemProxy */;
		};
/* End PBXTargetDependency section */

/* Begin XCBuildConfiguration section */
		1E05E8ED2868F16400B12456 /* Debug */ = {
			isa = XCBuildConfiguration;
			buildSettings = {
				ALWAYS_SEARCH_USER_PATHS = NO;
				CLANG_ANALYZER_NONNULL = YES;
				CLANG_ANALYZER_NUMBER_OBJECT_CONVERSION = YES_AGGRESSIVE;
				CLANG_CXX_LANGUAGE_STANDARD = "gnu++17";
				CLANG_ENABLE_MODULES = YES;
				CLANG_ENABLE_OBJC_ARC = YES;
				CLANG_ENABLE_OBJC_WEAK = YES;
				CLANG_WARN_BLOCK_CAPTURE_AUTORELEASING = YES;
				CLANG_WARN_BOOL_CONVERSION = YES;
				CLANG_WARN_COMMA = YES;
				CLANG_WARN_CONSTANT_CONVERSION = YES;
				CLANG_WARN_DEPRECATED_OBJC_IMPLEMENTATIONS = YES;
				CLANG_WARN_DIRECT_OBJC_ISA_USAGE = YES_ERROR;
				CLANG_WARN_DOCUMENTATION_COMMENTS = YES;
				CLANG_WARN_EMPTY_BODY = YES;
				CLANG_WARN_ENUM_CONVERSION = YES;
				CLANG_WARN_INFINITE_RECURSION = YES;
				CLANG_WARN_INT_CONVERSION = YES;
				CLANG_WARN_NON_LITERAL_NULL_CONVERSION = YES;
				CLANG_WARN_OBJC_IMPLICIT_RETAIN_SELF = YES;
				CLANG_WARN_OBJC_LITERAL_CONVERSION = YES;
				CLANG_WARN_OBJC_ROOT_CLASS = YES_ERROR;
				CLANG_WARN_QUOTED_INCLUDE_IN_FRAMEWORK_HEADER = YES;
				CLANG_WARN_RANGE_LOOP_ANALYSIS = YES;
				CLANG_WARN_STRICT_PROTOTYPES = YES;
				CLANG_WARN_SUSPICIOUS_MOVE = YES;
				CLANG_WARN_UNGUARDED_AVAILABILITY = YES_AGGRESSIVE;
				CLANG_WARN_UNREACHABLE_CODE = YES;
				CLANG_WARN__DUPLICATE_METHOD_MATCH = YES;
				COPY_PHASE_STRIP = NO;
				DEBUG_INFORMATION_FORMAT = dwarf;
				ENABLE_STRICT_OBJC_MSGSEND = YES;
				ENABLE_TESTABILITY = YES;
				GCC_C_LANGUAGE_STANDARD = gnu11;
				GCC_DYNAMIC_NO_PIC = NO;
				GCC_NO_COMMON_BLOCKS = YES;
				GCC_OPTIMIZATION_LEVEL = 0;
				GCC_PREPROCESSOR_DEFINITIONS = (
					"DEBUG=1",
					"$(inherited)",
				);
				GCC_WARN_64_TO_32_BIT_CONVERSION = YES;
				GCC_WARN_ABOUT_RETURN_TYPE = YES_ERROR;
				GCC_WARN_UNDECLARED_SELECTOR = YES;
				GCC_WARN_UNINITIALIZED_AUTOS = YES_AGGRESSIVE;
				GCC_WARN_UNUSED_FUNCTION = YES;
				GCC_WARN_UNUSED_VARIABLE = YES;
				IPHONEOS_DEPLOYMENT_TARGET = 15.5;
				MTL_ENABLE_DEBUG_INFO = INCLUDE_SOURCE;
				MTL_FAST_MATH = YES;
				ONLY_ACTIVE_ARCH = YES;
				SDKROOT = iphoneos;
				SWIFT_ACTIVE_COMPILATION_CONDITIONS = DEBUG;
				SWIFT_OPTIMIZATION_LEVEL = "-Onone";
			};
			name = Debug;
		};
		1E05E8EE2868F16400B12456 /* Release */ = {
			isa = XCBuildConfiguration;
			buildSettings = {
				ALWAYS_SEARCH_USER_PATHS = NO;
				CLANG_ANALYZER_NONNULL = YES;
				CLANG_ANALYZER_NUMBER_OBJECT_CONVERSION = YES_AGGRESSIVE;
				CLANG_CXX_LANGUAGE_STANDARD = "gnu++17";
				CLANG_ENABLE_MODULES = YES;
				CLANG_ENABLE_OBJC_ARC = YES;
				CLANG_ENABLE_OBJC_WEAK = YES;
				CLANG_WARN_BLOCK_CAPTURE_AUTORELEASING = YES;
				CLANG_WARN_BOOL_CONVERSION = YES;
				CLANG_WARN_COMMA = YES;
				CLANG_WARN_CONSTANT_CONVERSION = YES;
				CLANG_WARN_DEPRECATED_OBJC_IMPLEMENTATIONS = YES;
				CLANG_WARN_DIRECT_OBJC_ISA_USAGE = YES_ERROR;
				CLANG_WARN_DOCUMENTATION_COMMENTS = YES;
				CLANG_WARN_EMPTY_BODY = YES;
				CLANG_WARN_ENUM_CONVERSION = YES;
				CLANG_WARN_INFINITE_RECURSION = YES;
				CLANG_WARN_INT_CONVERSION = YES;
				CLANG_WARN_NON_LITERAL_NULL_CONVERSION = YES;
				CLANG_WARN_OBJC_IMPLICIT_RETAIN_SELF = YES;
				CLANG_WARN_OBJC_LITERAL_CONVERSION = YES;
				CLANG_WARN_OBJC_ROOT_CLASS = YES_ERROR;
				CLANG_WARN_QUOTED_INCLUDE_IN_FRAMEWORK_HEADER = YES;
				CLANG_WARN_RANGE_LOOP_ANALYSIS = YES;
				CLANG_WARN_STRICT_PROTOTYPES = YES;
				CLANG_WARN_SUSPICIOUS_MOVE = YES;
				CLANG_WARN_UNGUARDED_AVAILABILITY = YES_AGGRESSIVE;
				CLANG_WARN_UNREACHABLE_CODE = YES;
				CLANG_WARN__DUPLICATE_METHOD_MATCH = YES;
				COPY_PHASE_STRIP = NO;
				DEBUG_INFORMATION_FORMAT = "dwarf-with-dsym";
				ENABLE_NS_ASSERTIONS = NO;
				ENABLE_STRICT_OBJC_MSGSEND = YES;
				GCC_C_LANGUAGE_STANDARD = gnu11;
				GCC_NO_COMMON_BLOCKS = YES;
				GCC_WARN_64_TO_32_BIT_CONVERSION = YES;
				GCC_WARN_ABOUT_RETURN_TYPE = YES_ERROR;
				GCC_WARN_UNDECLARED_SELECTOR = YES;
				GCC_WARN_UNINITIALIZED_AUTOS = YES_AGGRESSIVE;
				GCC_WARN_UNUSED_FUNCTION = YES;
				GCC_WARN_UNUSED_VARIABLE = YES;
				IPHONEOS_DEPLOYMENT_TARGET = 15.5;
				MTL_ENABLE_DEBUG_INFO = NO;
				MTL_FAST_MATH = YES;
				SDKROOT = iphoneos;
				SWIFT_COMPILATION_MODE = wholemodule;
				SWIFT_OPTIMIZATION_LEVEL = "-O";
				VALIDATE_PRODUCT = YES;
			};
			name = Release;
		};
		1E05E8F02868F16400B12456 /* Debug */ = {
			isa = XCBuildConfiguration;
			buildSettings = {
				ASSETCATALOG_COMPILER_APPICON_NAME = AppIcon;
				ASSETCATALOG_COMPILER_GLOBAL_ACCENT_COLOR_NAME = AccentColor;
				CODE_SIGN_STYLE = Automatic;
				CURRENT_PROJECT_VERSION = 1;
				DEVELOPMENT_ASSET_PATHS = "\"Swift Code Challenge/Preview Content\"";
				DEVELOPMENT_TEAM = YM283LC5H4;
				ENABLE_PREVIEWS = YES;
				GENERATE_INFOPLIST_FILE = YES;
				INFOPLIST_FILE = "Swift-Code-Challenge-Info.plist";
				INFOPLIST_KEY_UIApplicationSceneManifest_Generation = YES;
				INFOPLIST_KEY_UIApplicationSupportsIndirectInputEvents = YES;
				INFOPLIST_KEY_UISupportedInterfaceOrientations_iPad = "UIInterfaceOrientationPortrait UIInterfaceOrientationPortraitUpsideDown UIInterfaceOrientationLandscapeLeft UIInterfaceOrientationLandscapeRight";
				INFOPLIST_KEY_UISupportedInterfaceOrientations_iPhone = "UIInterfaceOrientationPortrait UIInterfaceOrientationLandscapeLeft UIInterfaceOrientationLandscapeRight";
				LD_RUNPATH_SEARCH_PATHS = (
					"$(inherited)",
					"@executable_path/Frameworks",
				);
				MARKETING_VERSION = 1.0;
				PRODUCT_BUNDLE_IDENTIFIER = "com.buttery.Swift-Code-Challenge";
				PRODUCT_NAME = "$(TARGET_NAME)";
				SWIFT_EMIT_LOC_STRINGS = YES;
				SWIFT_VERSION = 5.0;
				TARGETED_DEVICE_FAMILY = "1,2";
			};
			name = Debug;
		};
		1E05E8F12868F16400B12456 /* Release */ = {
			isa = XCBuildConfiguration;
			buildSettings = {
				ASSETCATALOG_COMPILER_APPICON_NAME = AppIcon;
				ASSETCATALOG_COMPILER_GLOBAL_ACCENT_COLOR_NAME = AccentColor;
				CODE_SIGN_STYLE = Automatic;
				CURRENT_PROJECT_VERSION = 1;
				DEVELOPMENT_ASSET_PATHS = "\"Swift Code Challenge/Preview Content\"";
				DEVELOPMENT_TEAM = YM283LC5H4;
				ENABLE_PREVIEWS = YES;
				GENERATE_INFOPLIST_FILE = YES;
				INFOPLIST_FILE = "Swift-Code-Challenge-Info.plist";
				INFOPLIST_KEY_UIApplicationSceneManifest_Generation = YES;
				INFOPLIST_KEY_UIApplicationSupportsIndirectInputEvents = YES;
				INFOPLIST_KEY_UISupportedInterfaceOrientations_iPad = "UIInterfaceOrientationPortrait UIInterfaceOrientationPortraitUpsideDown UIInterfaceOrientationLandscapeLeft UIInterfaceOrientationLandscapeRight";
				INFOPLIST_KEY_UISupportedInterfaceOrientations_iPhone = "UIInterfaceOrientationPortrait UIInterfaceOrientationLandscapeLeft UIInterfaceOrientationLandscapeRight";
				LD_RUNPATH_SEARCH_PATHS = (
					"$(inherited)",
					"@executable_path/Frameworks",
				);
				MARKETING_VERSION = 1.0;
				PRODUCT_BUNDLE_IDENTIFIER = "com.buttery.Swift-Code-Challenge";
				PRODUCT_NAME = "$(TARGET_NAME)";
				SWIFT_EMIT_LOC_STRINGS = YES;
				SWIFT_VERSION = 5.0;
				TARGETED_DEVICE_FAMILY = "1,2";
			};
			name = Release;
		};
		1E05E8F32868F16400B12456 /* Debug */ = {
			isa = XCBuildConfiguration;
			buildSettings = {
				ALWAYS_EMBED_SWIFT_STANDARD_LIBRARIES = YES;
				BUNDLE_LOADER = "$(TEST_HOST)";
				CODE_SIGN_STYLE = Automatic;
				CURRENT_PROJECT_VERSION = 1;
				DEVELOPMENT_TEAM = Q6CQVYDYZ4;
				GENERATE_INFOPLIST_FILE = YES;
				IPHONEOS_DEPLOYMENT_TARGET = 15.5;
				MARKETING_VERSION = 1.0;
				PRODUCT_BUNDLE_IDENTIFIER = "com.buttery.Swift-Code-ChallengeTests";
				PRODUCT_NAME = "$(TARGET_NAME)";
				SWIFT_EMIT_LOC_STRINGS = NO;
				SWIFT_VERSION = 5.0;
				TARGETED_DEVICE_FAMILY = "1,2";
				TEST_HOST = "$(BUILT_PRODUCTS_DIR)/Swift Code Challenge.app/Swift Code Challenge";
			};
			name = Debug;
		};
		1E05E8F42868F16400B12456 /* Release */ = {
			isa = XCBuildConfiguration;
			buildSettings = {
				ALWAYS_EMBED_SWIFT_STANDARD_LIBRARIES = YES;
				BUNDLE_LOADER = "$(TEST_HOST)";
				CODE_SIGN_STYLE = Automatic;
				CURRENT_PROJECT_VERSION = 1;
				DEVELOPMENT_TEAM = Q6CQVYDYZ4;
				GENERATE_INFOPLIST_FILE = YES;
				IPHONEOS_DEPLOYMENT_TARGET = 15.5;
				MARKETING_VERSION = 1.0;
				PRODUCT_BUNDLE_IDENTIFIER = "com.buttery.Swift-Code-ChallengeTests";
				PRODUCT_NAME = "$(TARGET_NAME)";
				SWIFT_EMIT_LOC_STRINGS = NO;
				SWIFT_VERSION = 5.0;
				TARGETED_DEVICE_FAMILY = "1,2";
				TEST_HOST = "$(BUILT_PRODUCTS_DIR)/Swift Code Challenge.app/Swift Code Challenge";
			};
			name = Release;
		};
		1E05E8F62868F16400B12456 /* Debug */ = {
			isa = XCBuildConfiguration;
			buildSettings = {
				ALWAYS_EMBED_SWIFT_STANDARD_LIBRARIES = YES;
				CODE_SIGN_STYLE = Automatic;
				CURRENT_PROJECT_VERSION = 1;
				DEVELOPMENT_TEAM = Q6CQVYDYZ4;
				GENERATE_INFOPLIST_FILE = YES;
				MARKETING_VERSION = 1.0;
				PRODUCT_BUNDLE_IDENTIFIER = "com.buttery.Swift-Code-ChallengeUITests";
				PRODUCT_NAME = "$(TARGET_NAME)";
				SWIFT_EMIT_LOC_STRINGS = NO;
				SWIFT_VERSION = 5.0;
				TARGETED_DEVICE_FAMILY = "1,2";
				TEST_TARGET_NAME = "Swift Code Challenge";
			};
			name = Debug;
		};
		1E05E8F72868F16400B12456 /* Release */ = {
			isa = XCBuildConfiguration;
			buildSettings = {
				ALWAYS_EMBED_SWIFT_STANDARD_LIBRARIES = YES;
				CODE_SIGN_STYLE = Automatic;
				CURRENT_PROJECT_VERSION = 1;
				DEVELOPMENT_TEAM = Q6CQVYDYZ4;
				GENERATE_INFOPLIST_FILE = YES;
				MARKETING_VERSION = 1.0;
				PRODUCT_BUNDLE_IDENTIFIER = "com.buttery.Swift-Code-ChallengeUITests";
				PRODUCT_NAME = "$(TARGET_NAME)";
				SWIFT_EMIT_LOC_STRINGS = NO;
				SWIFT_VERSION = 5.0;
				TARGETED_DEVICE_FAMILY = "1,2";
				TEST_TARGET_NAME = "Swift Code Challenge";
			};
			name = Release;
		};
/* End XCBuildConfiguration section */

/* Begin XCConfigurationList section */
		1E05E8C62868F16300B12456 /* Build configuration list for PBXProject "Swift Code Challenge" */ = {
			isa = XCConfigurationList;
			buildConfigurations = (
				1E05E8ED2868F16400B12456 /* Debug */,
				1E05E8EE2868F16400B12456 /* Release */,
			);
			defaultConfigurationIsVisible = 0;
			defaultConfigurationName = Release;
		};
		1E05E8EF2868F16400B12456 /* Build configuration list for PBXNativeTarget "Swift Code Challenge" */ = {
			isa = XCConfigurationList;
			buildConfigurations = (
				1E05E8F02868F16400B12456 /* Debug */,
				1E05E8F12868F16400B12456 /* Release */,
			);
			defaultConfigurationIsVisible = 0;
			defaultConfigurationName = Release;
		};
		1E05E8F22868F16400B12456 /* Build configuration list for PBXNativeTarget "Swift Code ChallengeTests" */ = {
			isa = XCConfigurationList;
			buildConfigurations = (
				1E05E8F32868F16400B12456 /* Debug */,
				1E05E8F42868F16400B12456 /* Release */,
			);
			defaultConfigurationIsVisible = 0;
			defaultConfigurationName = Release;
		};
		1E05E8F52868F16400B12456 /* Build configuration list for PBXNativeTarget "Swift Code ChallengeUITests" */ = {
			isa = XCConfigurationList;
			buildConfigurations = (
				1E05E8F62868F16400B12456 /* Debug */,
				1E05E8F72868F16400B12456 /* Release */,
			);
			defaultConfigurationIsVisible = 0;
			defaultConfigurationName = Release;
		};
/* End XCConfigurationList section */
	};
	rootObject = 1E05E8C32868F16300B12456 /* Project object */;
}
